
Microsoft Visual Studio Solution File, Format Version 12.00
# Visual Studio Version 17
VisualStudioVersion = 17.2.32602.215
MinimumVisualStudioVersion = 10.0.40219.1
Project("{9A19103F-16F7-4668-BE54-9A1E7A4F7556}") = "CheckArchiveFileSize", "CheckArchiveFileSize\CheckArchiveFileSize.CSPROJ", "{C9C726C2-47BF-411A-BE0F-204AF578FD07}"
EndProject
Project("{9A19103F-16F7-4668-BE54-9A1E7A4F7556}") = "UnpackArchiveFiles", "UnpackArchiveFiles\UnpackArchiveFiles.CSPROJ", "{A6AC53FD-6AF5-4ED7-A778-52FBB2365240}"
EndProject
Project("{FAE04EC0-301F-11D3-BF4B-00C04F79EFBC}") = "SwingTheBanHammer", "SwingTheBanHammer\SwingTheBanHammer.csproj", "{4B0D9869-16B3-48D9-9ADE-A1F9F69E9992}"
EndProject
Global
	GlobalSection(SolutionConfigurationPlatforms) = preSolution
		Debug|Any CPU = Debug|Any CPU
		Release|Any CPU = Release|Any CPU
	EndGlobalSection
	GlobalSection(ProjectConfigurationPlatforms) = postSolution
		{C9C726C2-47BF-411A-BE0F-204AF578FD07}.Debug|Any CPU.ActiveCfg = Debug|Any CPU
		{C9C726C2-47BF-411A-BE0F-204AF578FD07}.Debug|Any CPU.Build.0 = Debug|Any CPU
		{C9C726C2-47BF-411A-BE0F-204AF578FD07}.Release|Any CPU.ActiveCfg = Release|Any CPU
		{C9C726C2-47BF-411A-BE0F-204AF578FD07}.Release|Any CPU.Build.0 = Release|Any CPU
		{A6AC53FD-6AF5-4ED7-A778-52FBB2365240}.Debug|Any CPU.ActiveCfg = Debug|Any CPU
		{A6AC53FD-6AF5-4ED7-A778-52FBB2365240}.Debug|Any CPU.Build.0 = Debug|Any CPU
		{A6AC53FD-6AF5-4ED7-A778-52FBB2365240}.Release|Any CPU.ActiveCfg = Release|Any CPU
		{A6AC53FD-6AF5-4ED7-A778-52FBB2365240}.Release|Any CPU.Build.0 = Release|Any CPU
		{4B0D9869-16B3-48D9-9ADE-A1F9F69E9992}.Debug|Any CPU.ActiveCfg = Debug|Any CPU
		{4B0D9869-16B3-48D9-9ADE-A1F9F69E9992}.Debug|Any CPU.Build.0 = Debug|Any CPU
		{4B0D9869-16B3-48D9-9ADE-A1F9F69E9992}.Release|Any CPU.ActiveCfg = Release|Any CPU
		{4B0D9869-16B3-48D9-9ADE-A1F9F69E9992}.Release|Any CPU.Build.0 = Release|Any CPU
	EndGlobalSection
	GlobalSection(SolutionProperties) = preSolution
		HideSolutionNode = FALSE
	EndGlobalSection
	GlobalSection(ExtensibilityGlobals) = postSolution
		SolutionGuid = {910183C8-EC1E-4AD6-9B8C-6B95D0392B83}
	EndGlobalSection
EndGlobal
