<Solution>
    <Project Path="Archive.ConsolidateVersions/Archive.ConsolidateVersions.csproj" />
    <Project Path="Archive.UnpackFiles/Archive.UnpackFiles.csproj" />
    <Project Path="Archive.CheckFileSizes/Archive.CheckFileSizes.csproj" />
    <Project Path="Distribution.DeleteFromObjectStorage/Distribution.DeleteFromObjectStorage.csproj" />
    <Project Path="Distribution.DownloadFromObjectStorage/Distribution.DownloadFromObjectStorage.csproj" />
    <Project Path="Distribution.PackResourceFiles/Distribution.PackResourceFiles.csproj" />
    <Project Path="Distribution.UnpackResourceFiles/Distribution.UnpackResourceFiles.csproj" />
    <Project Path="Distribution.UploadToObjectStorage/Distribution.UploadToObjectStorage.csproj" />
</Solution>
